
Microsoft Visual Studio Solution File, Format Version 12.00
# Visual Studio Version 16
VisualStudioVersion = 16.0.31402.337
MinimumVisualStudioVersion = 10.0.40219.1
Project("{FAE04EC0-301F-11D3-BF4B-00C04F79EFBC}") = "WebApplicationApi", "WebApplicationApi\WebApplicationApi.csproj", "{A9E87FA2-AA3B-456F-9825-FFCB1F5C81D3}"
EndProject
Global
	GlobalSection(SolutionConfigurationPlatforms) = preSolution
		Debug|Any CPU = Debug|Any CPU
		Release|Any CPU = Release|Any CPU
	EndGlobalSection
	GlobalSection(ProjectConfigurationPlatforms) = postSolution
		{A9E87FA2-AA3B-456F-9825-FFCB1F5C81D3}.Debug|Any CPU.ActiveCfg = Debug|Any CPU
		{A9E87FA2-AA3B-456F-9825-FFCB1F5C81D3}.Debug|Any CPU.Build.0 = Debug|Any CPU
		{A9E87FA2-AA3B-456F-9825-FFCB1F5C81D3}.Release|Any CPU.ActiveCfg = Release|Any CPU
		{A9E87FA2-AA3B-456F-9825-FFCB1F5C81D3}.Release|Any CPU.Build.0 = Release|Any CPU
	EndGlobalSection
	GlobalSection(SolutionProperties) = preSolution
		HideSolutionNode = FALSE
	EndGlobalSection
	GlobalSection(ExtensibilityGlobals) = postSolution
		SolutionGuid = {425EA29A-C985-48B2-8963-DDC837A44269}
	EndGlobalSection
EndGlobal
